// !$*UTF8*$!
{
	archiveVersion = 1;
	classes = {
	};
	objectVersion = 56;
	objects = {

/* Begin PBXBuildFile section */
		1C6061B42A68E390005C64E0 /* AppDelegate.swift in Sources */ = {isa = PBXBuildFile; fileRef = 1C6061B32A68E390005C64E0 /* AppDelegate.swift */; };
		1C6061B62A68E390005C64E0 /* SceneDelegate.swift in Sources */ = {isa = PBXBuildFile; fileRef = 1C6061B52A68E390005C64E0 /* SceneDelegate.swift */; };
		1C6061B82A68E390005C64E0 /* ViewController.swift in Sources */ = {isa = PBXBuildFile; fileRef = 1C6061B72A68E390005C64E0 /* ViewController.swift */; };
		1C6061BB2A68E390005C64E0 /* Main.storyboard in Resources */ = {isa = PBXBuildFile; fileRef = 1C6061B92A68E390005C64E0 /* Main.storyboard */; };
		1C6061BD2A68E391005C64E0 /* Assets.xcassets in Resources */ = {isa = PBXBuildFile; fileRef = 1C6061BC2A68E391005C64E0 /* Assets.xcassets */; };
		1C6061C02A68E391005C64E0 /* LaunchScreen.storyboard in Resources */ = {isa = PBXBuildFile; fileRef = 1C6061BE2A68E391005C64E0 /* LaunchScreen.storyboard */; };
		1C6061CB2A68E392005C64E0 /* ClosureExampleTests.swift in Sources */ = {isa = PBXBuildFile; fileRef = 1C6061CA2A68E392005C64E0 /* ClosureExampleTests.swift */; };
		1C6061D52A68E392005C64E0 /* ClosureExampleUITests.swift in Sources */ = {isa = PBXBuildFile; fileRef = 1C6061D42A68E392005C64E0 /* ClosureExampleUITests.swift */; };
		1C6061D72A68E392005C64E0 /* ClosureExampleUITestsLaunchTests.swift in Sources */ = {isa = PBXBuildFile; fileRef = 1C6061D62A68E392005C64E0 /* ClosureExampleUITestsLaunchTests.swift */; };
/* End PBXBuildFile section */

/* Begin PBXContainerItemProxy section */
		1C6061C72A68E392005C64E0 /* PBXContainerItemProxy */ = {
			isa = PBXContainerItemProxy;
			containerPortal = 1C6061A82A68E390005C64E0 /* Project object */;
			proxyType = 1;
			remoteGlobalIDString = 1C6061AF2A68E390005C64E0;
			remoteInfo = ClosureExample;
		};
		1C6061D12A68E392005C64E0 /* PBXContainerItemProxy */ = {
			isa = PBXContainerItemProxy;
			containerPortal = 1C6061A82A68E390005C64E0 /* Project object */;
			proxyType = 1;
			remoteGlobalIDString = 1C6061AF2A68E390005C64E0;
			remoteInfo = ClosureExample;
		};
/* End PBXContainerItemProxy section */

/* Begin PBXFileReference section */
		1C6061B02A68E390005C64E0 /* ClosureExample.app */ = {isa = PBXFileReference; explicitFileType = wrapper.application; includeInIndex = 0; path = ClosureExample.app; sourceTree = BUILT_PRODUCTS_DIR; };
		1C6061B32A68E390005C64E0 /* AppDelegate.swift */ = {isa = PBXFileReference; lastKnownFileType = sourcecode.swift; path = AppDelegate.swift; sourceTree = "<group>"; };
		1C6061B52A68E390005C64E0 /* SceneDelegate.swift */ = {isa = PBXFileReference; lastKnownFileType = sourcecode.swift; path = SceneDelegate.swift; sourceTree = "<group>"; };
		1C6061B72A68E390005C64E0 /* ViewController.swift */ = {isa = PBXFileReference; lastKnownFileType = sourcecode.swift; path = ViewController.swift; sourceTree = "<group>"; };
		1C6061BA2A68E390005C64E0 /* Base */ = {isa = PBXFileReference; lastKnownFileType = file.storyboard; name = Base; path = Base.lproj/Main.storyboard; sourceTree = "<group>"; };
		1C6061BC2A68E391005C64E0 /* Assets.xcassets */ = {isa = PBXFileReference; lastKnownFileType = folder.assetcatalog; path = Assets.xcassets; sourceTree = "<group>"; };
		1C6061BF2A68E391005C64E0 /* Base */ = {isa = PBXFileReference; lastKnownFileType = file.storyboard; name = Base; path = Base.lproj/LaunchScreen.storyboard; sourceTree = "<group>"; };
		1C6061C12A68E391005C64E0 /* Info.plist */ = {isa = PBXFileReference; lastKnownFileType = text.plist.xml; path = Info.plist; sourceTree = "<group>"; };
		1C6061C62A68E392005C64E0 /* ClosureExampleTests.xctest */ = {isa = PBXFileReference; explicitFileType = wrapper.cfbundle; includeInIndex = 0; path = ClosureExampleTests.xctest; sourceTree = BUILT_PRODUCTS_DIR; };
		1C6061CA2A68E392005C64E0 /* ClosureExampleTests.swift */ = {isa = PBXFileReference; lastKnownFileType = sourcecode.swift; path = ClosureExampleTests.swift; sourceTree = "<group>"; };
		1C6061D02A68E392005C64E0 /* ClosureExampleUITests.xctest */ = {isa = PBXFileReference; explicitFileType = wrapper.cfbundle; includeInIndex = 0; path = ClosureExampleUITests.xctest; sourceTree = BUILT_PRODUCTS_DIR; };
		1C6061D42A68E392005C64E0 /* ClosureExampleUITests.swift */ = {isa = PBXFileReference; lastKnownFileType = sourcecode.swift; path = ClosureExampleUITests.swift; sourceTree = "<group>"; };
		1C6061D62A68E392005C64E0 /* ClosureExampleUITestsLaunchTests.swift */ = {isa = PBXFileReference; lastKnownFileType = sourcecode.swift; path = ClosureExampleUITestsLaunchTests.swift; sourceTree = "<group>"; };
/* End PBXFileReference section */

/* Begin PBXFrameworksBuildPhase section */
		1C6061AD2A68E390005C64E0 /* Frameworks */ = {
			isa = PBXFrameworksBuildPhase;
			buildActionMask = 2147483647;
			files = (
			);
			runOnlyForDeploymentPostprocessing = 0;
		};
		1C6061C32A68E392005C64E0 /* Frameworks */ = {
			isa = PBXFrameworksBuildPhase;
			buildActionMask = 2147483647;
			files = (
			);
			runOnlyForDeploymentPostprocessing = 0;
		};
		1C6061CD2A68E392005C64E0 /* Frameworks */ = {
			isa = PBXFrameworksBuildPhase;
			buildActionMask = 2147483647;
			files = (
			);
			runOnlyForDeploymentPostprocessing = 0;
		};
/* End PBXFrameworksBuildPhase section */

/* Begin PBXGroup section */
		1C6061A72A68E390005C64E0 = {
			isa = PBXGroup;
			children = (
				1C6061B22A68E390005C64E0 /* ClosureExample */,
				1C6061C92A68E392005C64E0 /* ClosureExampleTests */,
				1C6061D32A68E392005C64E0 /* ClosureExampleUITests */,
				1C6061B12A68E390005C64E0 /* Products */,
			);
			sourceTree = "<group>";
		};
		1C6061B12A68E390005C64E0 /* Products */ = {
			isa = PBXGroup;
			children = (
				1C6061B02A68E390005C64E0 /* ClosureExample.app */,
				1C6061C62A68E392005C64E0 /* ClosureExampleTests.xctest */,
				1C6061D02A68E392005C64E0 /* ClosureExampleUITests.xctest */,
			);
			name = Products;
			sourceTree = "<group>";
		};
		1C6061B22A68E390005C64E0 /* ClosureExample */ = {
			isa = PBXGroup;
			children = (
				1C6061B32A68E390005C64E0 /* AppDelegate.swift */,
				1C6061B52A68E390005C64E0 /* SceneDelegate.swift */,
				1C6061B72A68E390005C64E0 /* ViewController.swift */,
				1C6061B92A68E390005C64E0 /* Main.storyboard */,
				1C6061BC2A68E391005C64E0 /* Assets.xcassets */,
				1C6061BE2A68E391005C64E0 /* LaunchScreen.storyboard */,
				1C6061C12A68E391005C64E0 /* Info.plist */,
			);
			path = ClosureExample;
			sourceTree = "<group>";
		};
		1C6061C92A68E392005C64E0 /* ClosureExampleTests */ = {
			isa = PBXGroup;
			children = (
				1C6061CA2A68E392005C64E0 /* ClosureExampleTests.swift */,
			);
			path = ClosureExampleTests;
			sourceTree = "<group>";
		};
		1C6061D32A68E392005C64E0 /* ClosureExampleUITests */ = {
			isa = PBXGroup;
			children = (
				1C6061D42A68E392005C64E0 /* ClosureExampleUITests.swift */,
				1C6061D62A68E392005C64E0 /* ClosureExampleUITestsLaunchTests.swift */,
			);
			path = ClosureExampleUITests;
			sourceTree = "<group>";
		};
/* End PBXGroup section */

/* Begin PBXNativeTarget section */
		1C6061AF2A68E390005C64E0 /* ClosureExample */ = {
			isa = PBXNativeTarget;
			buildConfigurationList = 1C6061DA2A68E392005C64E0 /* Build configuration list for PBXNativeTarget "ClosureExample" */;
			buildPhases = (
				1C6061AC2A68E390005C64E0 /* Sources */,
				1C6061AD2A68E390005C64E0 /* Frameworks */,
				1C6061AE2A68E390005C64E0 /* Resources */,
			);
			buildRules = (
			);
			dependencies = (
			);
			name = ClosureExample;
			productName = ClosureExample;
			productReference = 1C6061B02A68E390005C64E0 /* ClosureExample.app */;
			productType = "com.apple.product-type.application";
		};
		1C6061C52A68E392005C64E0 /* ClosureExampleTests */ = {
			isa = PBXNativeTarget;
			buildConfigurationList = 1C6061DD2A68E392005C64E0 /* Build configuration list for PBXNativeTarget "ClosureExampleTests" */;
			buildPhases = (
				1C6061C22A68E392005C64E0 /* Sources */,
				1C6061C32A68E392005C64E0 /* Frameworks */,
				1C6061C42A68E392005C64E0 /* Resources */,
			);
			buildRules = (
			);
			dependencies = (
				1C6061C82A68E392005C64E0 /* PBXTargetDependency */,
			);
			name = ClosureExampleTests;
			productName = ClosureExampleTests;
			productReference = 1C6061C62A68E392005C64E0 /* ClosureExampleTests.xctest */;
			productType = "com.apple.product-type.bundle.unit-test";
		};
		1C6061CF2A68E392005C64E0 /* ClosureExampleUITests */ = {
			isa = PBXNativeTarget;
			buildConfigurationList = 1C6061E02A68E392005C64E0 /* Build configuration list for PBXNativeTarget "ClosureExampleUITests" */;
			buildPhases = (
				1C6061CC2A68E392005C64E0 /* Sources */,
				1C6061CD2A68E392005C64E0 /* Frameworks */,
				1C6061CE2A68E392005C64E0 /* Resources */,
			);
			buildRules = (
			);
			dependencies = (
				1C6061D22A68E392005C64E0 /* PBXTargetDependency */,
			);
			name = ClosureExampleUITests;
			productName = ClosureExampleUITests;
			productReference = 1C6061D02A68E392005C64E0 /* ClosureExampleUITests.xctest */;
			productType = "com.apple.product-type.bundle.ui-testing";
		};
/* End PBXNativeTarget section */

/* Begin PBXProject section */
		1C6061A82A68E390005C64E0 /* Project object */ = {
			isa = PBXProject;
			attributes = {
				BuildIndependentTargetsInParallel = 1;
				LastSwiftUpdateCheck = 1430;
				LastUpgradeCheck = 1430;
				TargetAttributes = {
					1C6061AF2A68E390005C64E0 = {
						CreatedOnToolsVersion = 14.3.1;
					};
					1C6061C52A68E392005C64E0 = {
						CreatedOnToolsVersion = 14.3.1;
						TestTargetID = 1C6061AF2A68E390005C64E0;
					};
					1C6061CF2A68E392005C64E0 = {
						CreatedOnToolsVersion = 14.3.1;
						TestTargetID = 1C6061AF2A68E390005C64E0;
					};
				};
			};
			buildConfigurationList = 1C6061AB2A68E390005C64E0 /* Build configuration list for PBXProject "ClosureExample" */;
			compatibilityVersion = "Xcode 14.0";
			developmentRegion = en;
			hasScannedForEncodings = 0;
			knownRegions = (
				en,
				Base,
			);
			mainGroup = 1C6061A72A68E390005C64E0;
			productRefGroup = 1C6061B12A68E390005C64E0 /* Products */;
			projectDirPath = "";
			projectRoot = "";
			targets = (
				1C6061AF2A68E390005C64E0 /* ClosureExample */,
				1C6061C52A68E392005C64E0 /* ClosureExampleTests */,
				1C6061CF2A68E392005C64E0 /* ClosureExampleUITests */,
			);
		};
/* End PBXProject section */

/* Begin PBXResourcesBuildPhase section */
		1C6061AE2A68E390005C64E0 /* Resources */ = {
			isa = PBXResourcesBuildPhase;
			buildActionMask = 2147483647;
			files = (
				1C6061C02A68E391005C64E0 /* LaunchScreen.storyboard in Resources */,
				1C6061BD2A68E391005C64E0 /* Assets.xcassets in Resources */,
				1C6061BB2A68E390005C64E0 /* Main.storyboard in Resources */,
			);
			runOnlyForDeploymentPostprocessing = 0;
		};
		1C6061C42A68E392005C64E0 /* Resources */ = {
			isa = PBXResourcesBuildPhase;
			buildActionMask = 2147483647;
			files = (
			);
			runOnlyForDeploymentPostprocessing = 0;
		};
		1C6061CE2A68E392005C64E0 /* Resources */ = {
			isa = PBXResourcesBuildPhase;
			buildActionMask = 2147483647;
			files = (
			);
			runOnlyForDeploymentPostprocessing = 0;
		};
/* End PBXResourcesBuildPhase section */

/* Begin PBXSourcesBuildPhase section */
		1C6061AC2A68E390005C64E0 /* Sources */ = {
			isa = PBXSourcesBuildPhase;
			buildActionMask = 2147483647;
			files = (
				1C6061B82A68E390005C64E0 /* ViewController.swift in Sources */,
				1C6061B42A68E390005C64E0 /* AppDelegate.swift in Sources */,
				1C6061B62A68E390005C64E0 /* SceneDelegate.swift in Sources */,
			);
			runOnlyForDeploymentPostprocessing = 0;
		};
		1C6061C22A68E392005C64E0 /* Sources */ = {
			isa = PBXSourcesBuildPhase;
			buildActionMask = 2147483647;
			files = (
				1C6061CB2A68E392005C64E0 /* ClosureExampleTests.swift in Sources */,
			);
			runOnlyForDeploymentPostprocessing = 0;
		};
		1C6061CC2A68E392005C64E0 /* Sources */ = {
			isa = PBXSourcesBuildPhase;
			buildActionMask = 2147483647;
			files = (
				1C6061D52A68E392005C64E0 /* ClosureExampleUITests.swift in Sources */,
				1C6061D72A68E392005C64E0 /* ClosureExampleUITestsLaunchTests.swift in Sources */,
			);
			runOnlyForDeploymentPostprocessing = 0;
		};
/* End PBXSourcesBuildPhase section */

/* Begin PBXTargetDependency section */
		1C6061C82A68E392005C64E0 /* PBXTargetDependency */ = {
			isa = PBXTargetDependency;
			target = 1C6061AF2A68E390005C64E0 /* ClosureExample */;
			targetProxy = 1C6061C72A68E392005C64E0 /* PBXContainerItemProxy */;
		};
		1C6061D22A68E392005C64E0 /* PBXTargetDependency */ = {
			isa = PBXTargetDependency;
			target = 1C6061AF2A68E390005C64E0 /* ClosureExample */;
			targetProxy = 1C6061D12A68E392005C64E0 /* PBXContainerItemProxy */;
		};
/* End PBXTargetDependency section */

/* Begin PBXVariantGroup section */
		1C6061B92A68E390005C64E0 /* Main.storyboard */ = {
			isa = PBXVariantGroup;
			children = (
				1C6061BA2A68E390005C64E0 /* Base */,
			);
			name = Main.storyboard;
			sourceTree = "<group>";
		};
		1C6061BE2A68E391005C64E0 /* LaunchScreen.storyboard */ = {
			isa = PBXVariantGroup;
			children = (
				1C6061BF2A68E391005C64E0 /* Base */,
			);
			name = LaunchScreen.storyboard;
			sourceTree = "<group>";
		};
/* End PBXVariantGroup section */

/* Begin XCBuildConfiguration section */
		1C6061D82A68E392005C64E0 /* Debug */ = {
			isa = XCBuildConfiguration;
			buildSettings = {
				ALWAYS_SEARCH_USER_PATHS = NO;
				CLANG_ANALYZER_NONNULL = YES;
				CLANG_ANALYZER_NUMBER_OBJECT_CONVERSION = YES_AGGRESSIVE;
				CLANG_CXX_LANGUAGE_STANDARD = "gnu++20";
				CLANG_ENABLE_MODULES = YES;
				CLANG_ENABLE_OBJC_ARC = YES;
				CLANG_ENABLE_OBJC_WEAK = YES;
				CLANG_WARN_BLOCK_CAPTURE_AUTORELEASING = YES;
				CLANG_WARN_BOOL_CONVERSION = YES;
				CLANG_WARN_COMMA = YES;
				CLANG_WARN_CONSTANT_CONVERSION = YES;
				CLANG_WARN_DEPRECATED_OBJC_IMPLEMENTATIONS = YES;
				CLANG_WARN_DIRECT_OBJC_ISA_USAGE = YES_ERROR;
				CLANG_WARN_DOCUMENTATION_COMMENTS = YES;
				CLANG_WARN_EMPTY_BODY = YES;
				CLANG_WARN_ENUM_CONVERSION = YES;
				CLANG_WARN_INFINITE_RECURSION = YES;
				CLANG_WARN_INT_CONVERSION = YES;
				CLANG_WARN_NON_LITERAL_NULL_CONVERSION = YES;
				CLANG_WARN_OBJC_IMPLICIT_RETAIN_SELF = YES;
				CLANG_WARN_OBJC_LITERAL_CONVERSION = YES;
				CLANG_WARN_OBJC_ROOT_CLASS = YES_ERROR;
				CLANG_WARN_QUOTED_INCLUDE_IN_FRAMEWORK_HEADER = YES;
				CLANG_WARN_RANGE_LOOP_ANALYSIS = YES;
				CLANG_WARN_STRICT_PROTOTYPES = YES;
				CLANG_WARN_SUSPICIOUS_MOVE = YES;
				CLANG_WARN_UNGUARDED_AVAILABILITY = YES_AGGRESSIVE;
				CLANG_WARN_UNREACHABLE_CODE = YES;
				CLANG_WARN__DUPLICATE_METHOD_MATCH = YES;
				COPY_PHASE_STRIP = NO;
				DEBUG_INFORMATION_FORMAT = dwarf;
				ENABLE_STRICT_OBJC_MSGSEND = YES;
				ENABLE_TESTABILITY = YES;
				GCC_C_LANGUAGE_STANDARD = gnu11;
				GCC_DYNAMIC_NO_PIC = NO;
				GCC_NO_COMMON_BLOCKS = YES;
				GCC_OPTIMIZATION_LEVEL = 0;
				GCC_PREPROCESSOR_DEFINITIONS = (
					"DEBUG=1",
					"$(inherited)",
				);
				GCC_WARN_64_TO_32_BIT_CONVERSION = YES;
				GCC_WARN_ABOUT_RETURN_TYPE = YES_ERROR;
				GCC_WARN_UNDECLARED_SELECTOR = YES;
				GCC_WARN_UNINITIALIZED_AUTOS = YES_AGGRESSIVE;
				GCC_WARN_UNUSED_FUNCTION = YES;
				GCC_WARN_UNUSED_VARIABLE = YES;
				IPHONEOS_DEPLOYMENT_TARGET = 16.4;
				MTL_ENABLE_DEBUG_INFO = INCLUDE_SOURCE;
				MTL_FAST_MATH = YES;
				ONLY_ACTIVE_ARCH = YES;
				SDKROOT = iphoneos;
				SWIFT_ACTIVE_COMPILATION_CONDITIONS = DEBUG;
				SWIFT_OPTIMIZATION_LEVEL = "-Onone";
			};
			name = Debug;
		};
		1C6061D92A68E392005C64E0 /* Release */ = {
			isa = XCBuildConfiguration;
			buildSettings = {
				ALWAYS_SEARCH_USER_PATHS = NO;
				CLANG_ANALYZER_NONNULL = YES;
				CLANG_ANALYZER_NUMBER_OBJECT_CONVERSION = YES_AGGRESSIVE;
				CLANG_CXX_LANGUAGE_STANDARD = "gnu++20";
				CLANG_ENABLE_MODULES = YES;
				CLANG_ENABLE_OBJC_ARC = YES;
				CLANG_ENABLE_OBJC_WEAK = YES;
				CLANG_WARN_BLOCK_CAPTURE_AUTORELEASING = YES;
				CLANG_WARN_BOOL_CONVERSION = YES;
				CLANG_WARN_COMMA = YES;
				CLANG_WARN_CONSTANT_CONVERSION = YES;
				CLANG_WARN_DEPRECATED_OBJC_IMPLEMENTATIONS = YES;
				CLANG_WARN_DIRECT_OBJC_ISA_USAGE = YES_ERROR;
				CLANG_WARN_DOCUMENTATION_COMMENTS = YES;
				CLANG_WARN_EMPTY_BODY = YES;
				CLANG_WARN_ENUM_CONVERSION = YES;
				CLANG_WARN_INFINITE_RECURSION = YES;
				CLANG_WARN_INT_CONVERSION = YES;
				CLANG_WARN_NON_LITERAL_NULL_CONVERSION = YES;
				CLANG_WARN_OBJC_IMPLICIT_RETAIN_SELF = YES;
				CLANG_WARN_OBJC_LITERAL_CONVERSION = YES;
				CLANG_WARN_OBJC_ROOT_CLASS = YES_ERROR;
				CLANG_WARN_QUOTED_INCLUDE_IN_FRAMEWORK_HEADER = YES;
				CLANG_WARN_RANGE_LOOP_ANALYSIS = YES;
				CLANG_WARN_STRICT_PROTOTYPES = YES;
				CLANG_WARN_SUSPICIOUS_MOVE = YES;
				CLANG_WARN_UNGUARDED_AVAILABILITY = YES_AGGRESSIVE;
				CLANG_WARN_UNREACHABLE_CODE = YES;
				CLANG_WARN__DUPLICATE_METHOD_MATCH = YES;
				COPY_PHASE_STRIP = NO;
				DEBUG_INFORMATION_FORMAT = "dwarf-with-dsym";
				ENABLE_NS_ASSERTIONS = NO;
				ENABLE_STRICT_OBJC_MSGSEND = YES;
				GCC_C_LANGUAGE_STANDARD = gnu11;
				GCC_NO_COMMON_BLOCKS = YES;
				GCC_WARN_64_TO_32_BIT_CONVERSION = YES;
				GCC_WARN_ABOUT_RETURN_TYPE = YES_ERROR;
				GCC_WARN_UNDECLARED_SELECTOR = YES;
				GCC_WARN_UNINITIALIZED_AUTOS = YES_AGGRESSIVE;
				GCC_WARN_UNUSED_FUNCTION = YES;
				GCC_WARN_UNUSED_VARIABLE = YES;
				IPHONEOS_DEPLOYMENT_TARGET = 16.4;
				MTL_ENABLE_DEBUG_INFO = NO;
				MTL_FAST_MATH = YES;
				SDKROOT = iphoneos;
				SWIFT_COMPILATION_MODE = wholemodule;
				SWIFT_OPTIMIZATION_LEVEL = "-O";
				VALIDATE_PRODUCT = YES;
			};
			name = Release;
		};
		1C6061DB2A68E392005C64E0 /* Debug */ = {
			isa = XCBuildConfiguration;
			buildSettings = {
				ASSETCATALOG_COMPILER_APPICON_NAME = AppIcon;
				ASSETCATALOG_COMPILER_GLOBAL_ACCENT_COLOR_NAME = AccentColor;
				CODE_SIGN_STYLE = Automatic;
				CURRENT_PROJECT_VERSION = 1;
				DEVELOPMENT_TEAM = L52U2QMKSA;
				GENERATE_INFOPLIST_FILE = YES;
				INFOPLIST_FILE = ClosureExample/Info.plist;
				INFOPLIST_KEY_UIApplicationSupportsIndirectInputEvents = YES;
				INFOPLIST_KEY_UILaunchStoryboardName = LaunchScreen;
				INFOPLIST_KEY_UIMainStoryboardFile = Main;
				INFOPLIST_KEY_UISupportedInterfaceOrientations_iPad = "UIInterfaceOrientationPortrait UIInterfaceOrientationPortraitUpsideDown UIInterfaceOrientationLandscapeLeft UIInterfaceOrientationLandscapeRight";
				INFOPLIST_KEY_UISupportedInterfaceOrientations_iPhone = "UIInterfaceOrientationPortrait UIInterfaceOrientationLandscapeLeft UIInterfaceOrientationLandscapeRight";
				LD_RUNPATH_SEARCH_PATHS = (
					"$(inherited)",
					"@executable_path/Frameworks",
				);
				MARKETING_VERSION = 1.0;
				PRODUCT_BUNDLE_IDENTIFIER = nun.smb.ClosureExample;
				PRODUCT_NAME = "$(TARGET_NAME)";
				SWIFT_EMIT_LOC_STRINGS = YES;
				SWIFT_VERSION = 5.0;
				TARGETED_DEVICE_FAMILY = "1,2";
			};
			name = Debug;
		};
		1C6061DC2A68E392005C64E0 /* Release */ = {
			isa = XCBuildConfiguration;
			buildSettings = {
				ASSETCATALOG_COMPILER_APPICON_NAME = AppIcon;
				ASSETCATALOG_COMPILER_GLOBAL_ACCENT_COLOR_NAME = AccentColor;
				CODE_SIGN_STYLE = Automatic;
				CURRENT_PROJECT_VERSION = 1;
				DEVELOPMENT_TEAM = L52U2QMKSA;
				GENERATE_INFOPLIST_FILE = YES;
				INFOPLIST_FILE = ClosureExample/Info.plist;
				INFOPLIST_KEY_UIApplicationSupportsIndirectInputEvents = YES;
				INFOPLIST_KEY_UILaunchStoryboardName = LaunchScreen;
				INFOPLIST_KEY_UIMainStoryboardFile = Main;
				INFOPLIST_KEY_UISupportedInterfaceOrientations_iPad = "UIInterfaceOrientationPortrait UIInterfaceOrientationPortraitUpsideDown UIInterfaceOrientationLandscapeLeft UIInterfaceOrientationLandscapeRight";
				INFOPLIST_KEY_UISupportedInterfaceOrientations_iPhone = "UIInterfaceOrientationPortrait UIInterfaceOrientationLandscapeLeft UIInterfaceOrientationLandscapeRight";
				LD_RUNPATH_SEARCH_PATHS = (
					"$(inherited)",
					"@executable_path/Frameworks",
				);
				MARKETING_VERSION = 1.0;
				PRODUCT_BUNDLE_IDENTIFIER = nun.smb.ClosureExample;
				PRODUCT_NAME = "$(TARGET_NAME)";
				SWIFT_EMIT_LOC_STRINGS = YES;
				SWIFT_VERSION = 5.0;
				TARGETED_DEVICE_FAMILY = "1,2";
			};
			name = Release;
		};
		1C6061DE2A68E392005C64E0 /* Debug */ = {
			isa = XCBuildConfiguration;
			buildSettings = {
				ALWAYS_EMBED_SWIFT_STANDARD_LIBRARIES = YES;
				BUNDLE_LOADER = "$(TEST_HOST)";
				CODE_SIGN_STYLE = Automatic;
				CURRENT_PROJECT_VERSION = 1;
				DEVELOPMENT_TEAM = L52U2QMKSA;
				GENERATE_INFOPLIST_FILE = YES;
				IPHONEOS_DEPLOYMENT_TARGET = 16.4;
				MARKETING_VERSION = 1.0;
				PRODUCT_BUNDLE_IDENTIFIER = nun.smb.ClosureExampleTests;
				PRODUCT_NAME = "$(TARGET_NAME)";
				SWIFT_EMIT_LOC_STRINGS = NO;
				SWIFT_VERSION = 5.0;
				TARGETED_DEVICE_FAMILY = "1,2";
				TEST_HOST = "$(BUILT_PRODUCTS_DIR)/ClosureExample.app/$(BUNDLE_EXECUTABLE_FOLDER_PATH)/ClosureExample";
			};
			name = Debug;
		};
		1C6061DF2A68E392005C64E0 /* Release */ = {
			isa = XCBuildConfiguration;
			buildSettings = {
				ALWAYS_EMBED_SWIFT_STANDARD_LIBRARIES = YES;
				BUNDLE_LOADER = "$(TEST_HOST)";
				CODE_SIGN_STYLE = Automatic;
				CURRENT_PROJECT_VERSION = 1;
				DEVELOPMENT_TEAM = L52U2QMKSA;
				GENERATE_INFOPLIST_FILE = YES;
				IPHONEOS_DEPLOYMENT_TARGET = 16.4;
				MARKETING_VERSION = 1.0;
				PRODUCT_BUNDLE_IDENTIFIER = nun.smb.ClosureExampleTests;
				PRODUCT_NAME = "$(TARGET_NAME)";
				SWIFT_EMIT_LOC_STRINGS = NO;
				SWIFT_VERSION = 5.0;
				TARGETED_DEVICE_FAMILY = "1,2";
				TEST_HOST = "$(BUILT_PRODUCTS_DIR)/ClosureExample.app/$(BUNDLE_EXECUTABLE_FOLDER_PATH)/ClosureExample";
			};
			name = Release;
		};
		1C6061E12A68E392005C64E0 /* Debug */ = {
			isa = XCBuildConfiguration;
			buildSettings = {
				ALWAYS_EMBED_SWIFT_STANDARD_LIBRARIES = YES;
				CODE_SIGN_STYLE = Automatic;
				CURRENT_PROJECT_VERSION = 1;
				DEVELOPMENT_TEAM = L52U2QMKSA;
				GENERATE_INFOPLIST_FILE = YES;
				MARKETING_VERSION = 1.0;
				PRODUCT_BUNDLE_IDENTIFIER = nun.smb.ClosureExampleUITests;
				PRODUCT_NAME = "$(TARGET_NAME)";
				SWIFT_EMIT_LOC_STRINGS = NO;
				SWIFT_VERSION = 5.0;
				TARGETED_DEVICE_FAMILY = "1,2";
				TEST_TARGET_NAME = ClosureExample;
			};
			name = Debug;
		};
		1C6061E22A68E392005C64E0 /* Release */ = {
			isa = XCBuildConfiguration;
			buildSettings = {
				ALWAYS_EMBED_SWIFT_STANDARD_LIBRARIES = YES;
				CODE_SIGN_STYLE = Automatic;
				CURRENT_PROJECT_VERSION = 1;
				DEVELOPMENT_TEAM = L52U2QMKSA;
				GENERATE_INFOPLIST_FILE = YES;
				MARKETING_VERSION = 1.0;
				PRODUCT_BUNDLE_IDENTIFIER = nun.smb.ClosureExampleUITests;
				PRODUCT_NAME = "$(TARGET_NAME)";
				SWIFT_EMIT_LOC_STRINGS = NO;
				SWIFT_VERSION = 5.0;
				TARGETED_DEVICE_FAMILY = "1,2";
				TEST_TARGET_NAME = ClosureExample;
			};
			name = Release;
		};
/* End XCBuildConfiguration section */

/* Begin XCConfigurationList section */
		1C6061AB2A68E390005C64E0 /* Build configuration list for PBXProject "ClosureExample" */ = {
			isa = XCConfigurationList;
			buildConfigurations = (
				1C6061D82A68E392005C64E0 /* Debug */,
				1C6061D92A68E392005C64E0 /* Release */,
			);
			defaultConfigurationIsVisible = 0;
			defaultConfigurationName = Release;
		};
		1C6061DA2A68E392005C64E0 /* Build configuration list for PBXNativeTarget "ClosureExample" */ = {
			isa = XCConfigurationList;
			buildConfigurations = (
				1C6061DB2A68E392005C64E0 /* Debug */,
				1C6061DC2A68E392005C64E0 /* Release */,
			);
			defaultConfigurationIsVisible = 0;
			defaultConfigurationName = Release;
		};
		1C6061DD2A68E392005C64E0 /* Build configuration list for PBXNativeTarget "ClosureExampleTests" */ = {
			isa = XCConfigurationList;
			buildConfigurations = (
				1C6061DE2A68E392005C64E0 /* Debug */,
				1C6061DF2A68E392005C64E0 /* Release */,
			);
			defaultConfigurationIsVisible = 0;
			defaultConfigurationName = Release;
		};
		1C6061E02A68E392005C64E0 /* Build configuration list for PBXNativeTarget "ClosureExampleUITests" */ = {
			isa = XCConfigurationList;
			buildConfigurations = (
				1C6061E12A68E392005C64E0 /* Debug */,
				1C6061E22A68E392005C64E0 /* Release */,
			);
			defaultConfigurationIsVisible = 0;
			defaultConfigurationName = Release;
		};
/* End XCConfigurationList section */
	};
	rootObject = 1C6061A82A68E390005C64E0 /* Project object */;
}
